
Microsoft Visual Studio Solution File, Format Version 12.00
# Visual Studio Version 16
VisualStudioVersion = 16.0.31112.23
MinimumVisualStudioVersion = 10.0.40219.1
Project("{FAE04EC0-301F-11D3-BF4B-00C04F79EFBC}") = "YTDL", "YTDL.csproj", "{B0CCE0FA-FF61-458B-B7DB-E53AD0F13110}"
EndProject
Global
	GlobalSection(SolutionConfigurationPlatforms) = preSolution
		Debug|Any CPU = Debug|Any CPU
		Release|Any CPU = Release|Any CPU
	EndGlobalSection
	GlobalSection(ProjectConfigurationPlatforms) = postSolution
		{B0CCE0FA-FF61-458B-B7DB-E53AD0F13110}.Debug|Any CPU.ActiveCfg = Debug|Any CPU
		{B0CCE0FA-FF61-458B-B7DB-E53AD0F13110}.Debug|Any CPU.Build.0 = Debug|Any CPU
		{B0CCE0FA-FF61-458B-B7DB-E53AD0F13110}.Release|Any CPU.ActiveCfg = Release|Any CPU
		{B0CCE0FA-FF61-458B-B7DB-E53AD0F13110}.Release|Any CPU.Build.0 = Release|Any CPU
	EndGlobalSection
	GlobalSection(SolutionProperties) = preSolution
		HideSolutionNode = FALSE
	EndGlobalSection
	GlobalSection(ExtensibilityGlobals) = postSolution
		SolutionGuid = {713A9F9B-4B3E-427F-A21D-C7BDD406F19A}
	EndGlobalSection
EndGlobal
